// !$*UTF8*$!
{
	archiveVersion = 1;
	classes = {
	};
	objectVersion = 77;
	objects = {

/* Begin PBXBuildFile section */
		0AB06F00C45878F88180B474 /* Localizable.xcstrings in Resources */ = {isa = PBXBuildFile; fileRef = 60003B568FE1A99E12EBFE49 /* Localizable.xcstrings */; };
		0AF61255D0F0595A5D3ED53F /* SuggestionEngineTests.swift in Sources */ = {isa = PBXBuildFile; fileRef = DEB6994F04F34BAAF34E8890 /* SuggestionEngineTests.swift */; };
		0F7C82034985854F14904BAC /* SuggestionEngine.swift in Sources */ = {isa = PBXBuildFile; fileRef = 1941202D96F211C909A0B5C4 /* SuggestionEngine.swift */; };
		14B7EED89BC304E4EEB5E463 /* RestaurantStore.swift in Sources */ = {isa = PBXBuildFile; fileRef = C659CE5EF8C29B0D61FD074F /* RestaurantStore.swift */; };
		152697B7A7A34DEE2286ECBD /* michelin.csv in Resources */ = {isa = PBXBuildFile; fileRef = CE2D8B604E9646D4407A3B89 /* michelin.csv */; };
		19D5B30FD140AFD41787E395 /* MichelinNameLocalizerTests.swift in Sources */ = {isa = PBXBuildFile; fileRef = FB62EDB6F05C9729C9DDF613 /* MichelinNameLocalizerTests.swift */; };
		1AE79AD61ADC0D0BBA14ED5C /* MichelinDataSource.swift in Sources */ = {isa = PBXBuildFile; fileRef = 2BB362D4F121BFB1EE27F21E /* MichelinDataSource.swift */; };
		1ED08D26970A1E6D739F01DF /* getlist-response.txt in Resources */ = {isa = PBXBuildFile; fileRef = 97585C3E13BE96745AFC1DE6 /* getlist-response.txt */; };
		26D41EB8B36562299CF1D15A /* TakeoutImportTests.swift in Sources */ = {isa = PBXBuildFile; fileRef = 57F1D8F65DE02BAEF58D68A0 /* TakeoutImportTests.swift */; };
		2A2D3BCD7C6AD03AF179C327 /* CSVParser.swift in Sources */ = {isa = PBXBuildFile; fileRef = DD20CE1B041ABC52DA546A11 /* CSVParser.swift */; };
		3EAE1EA8183FA0CB068F34C4 /* GoogleSharedListSource.swift in Sources */ = {isa = PBXBuildFile; fileRef = AE9B6298D940160DA4E584BB /* GoogleSharedListSource.swift */; };
		4391217F0D20D0EAB834CA8C /* michelin_history.csv in Resources */ = {isa = PBXBuildFile; fileRef = 101E40BD85EAF00A9CC26DF7 /* michelin_history.csv */; };
		44F61BBF3FDD13B3420B8918 /* AppSettings.swift in Sources */ = {isa = PBXBuildFile; fileRef = 4AA5217E383BA60851E02F19 /* AppSettings.swift */; };
		5DF98C151B0895C8FC609C9E /* TonightView.swift in Sources */ = {isa = PBXBuildFile; fileRef = F3CC459C9B8685BF2A6457A5 /* TonightView.swift */; };
		63C24FC17F3DB795FDF76307 /* RestaurantCard.swift in Sources */ = {isa = PBXBuildFile; fileRef = 141FD0B96D0CA3C3889CBA08 /* RestaurantCard.swift */; };
		6A2533EB250C84501366625F /* RestaurantDataSource.swift in Sources */ = {isa = PBXBuildFile; fileRef = 4AE88B6931576521C2729AAC /* RestaurantDataSource.swift */; };
		7524A4DF4C6BB4B86FD8C336 /* MichelinDataSourceTests.swift in Sources */ = {isa = PBXBuildFile; fileRef = D92FF7854D3E0879F6AA43F7 /* MichelinDataSourceTests.swift */; };
		9E443FF56BD4EA8FA93459F6 /* GetlistParserTests.swift in Sources */ = {isa = PBXBuildFile; fileRef = 7B0B6115B8BFFE984ADD6D4F /* GetlistParserTests.swift */; };
		AEFAAF936123887A97169057 /* MichelinNameLocalizer.swift in Sources */ = {isa = PBXBuildFile; fileRef = EA9AFBCF81F3C526BDFC3364 /* MichelinNameLocalizer.swift */; };
		B424AFD74A4DF3349D64CA43 /* TakeoutImportSource.swift in Sources */ = {isa = PBXBuildFile; fileRef = D290FBDAE0FA03B157A17D0A /* TakeoutImportSource.swift */; };
		B4D2F9964B207688EA7E44FB /* MichelinView.swift in Sources */ = {isa = PBXBuildFile; fileRef = 118123AC498786638CBF6375 /* MichelinView.swift */; };
		B9DE7318068429F2DAA70210 /* InfoPlist.xcstrings in Resources */ = {isa = PBXBuildFile; fileRef = 76E22F89DB355DBA978A15B6 /* InfoPlist.xcstrings */; };
		C52AD8D870081BD829FE1682 /* SettingsView.swift in Sources */ = {isa = PBXBuildFile; fileRef = 3B26088C74AA335ECCEAB508 /* SettingsView.swift */; };
		D1000CA12492DD03C605B565 /* CSVParserTests.swift in Sources */ = {isa = PBXBuildFile; fileRef = 5E70427AEC6E87119B2D1167 /* CSVParserTests.swift */; };
		D3CEDC76C32DE9C9179A5F07 /* GoogleSharedListParserTests.swift in Sources */ = {isa = PBXBuildFile; fileRef = 2095E1579BB56368AB553A75 /* GoogleSharedListParserTests.swift */; };
		D4640F54E451420F24CC3892 /* LocationProvider.swift in Sources */ = {isa = PBXBuildFile; fileRef = 37DD6CFD2FB7C434830A3DA2 /* LocationProvider.swift */; };
		D53F0969AF8E9828D2136D1B /* StoreMergeTests.swift in Sources */ = {isa = PBXBuildFile; fileRef = 1D4EE16631C25AC07F66A097 /* StoreMergeTests.swift */; };
		E4D79A2041FD4B38FB35DCB2 /* sharedlist.html in Resources */ = {isa = PBXBuildFile; fileRef = 6EFC0547606F967B79A8B970 /* sharedlist.html */; };
		E50D23430BCCB2F5076ECAB7 /* GoogleMapsOpener.swift in Sources */ = {isa = PBXBuildFile; fileRef = ED5DC0535004554EC046E812 /* GoogleMapsOpener.swift */; };
		E8ED9F6521EC4C278B5D28FA /* DinePickApp.swift in Sources */ = {isa = PBXBuildFile; fileRef = AAD1334F805D5A0C1FCCE547 /* DinePickApp.swift */; };
		EACF87378F56C78C44C38300 /* listpage-snippet.html in Resources */ = {isa = PBXBuildFile; fileRef = 5D02036186213B9B1058F155 /* listpage-snippet.html */; };
		EDEE66A92761E5706B97ABE4 /* ManageRestaurantsView.swift in Sources */ = {isa = PBXBuildFile; fileRef = 4D54A49C56E97DBC9324F15F /* ManageRestaurantsView.swift */; };
		F9B4BCA6AC44BBE25FC3BC46 /* Restaurant.swift in Sources */ = {isa = PBXBuildFile; fileRef = D4EFCC38735D607BC6F3BADE /* Restaurant.swift */; };
/* End PBXBuildFile section */

/* Begin PBXContainerItemProxy section */
		4BC9F6BEBEB8916ADC5B2686 /* PBXContainerItemProxy */ = {
			isa = PBXContainerItemProxy;
			containerPortal = CEA2E126DAB37055CC27513F /* Project object */;
			proxyType = 1;
			remoteGlobalIDString = 7049918F46FF2A03EFC418BF;
			remoteInfo = DinePick;
		};
/* End PBXContainerItemProxy section */

/* Begin PBXFileReference section */
		017903D62A6610F24240E3DE /* DinePick.app */ = {isa = PBXFileReference; includeInIndex = 0; lastKnownFileType = wrapper.application; path = DinePick.app; sourceTree = BUILT_PRODUCTS_DIR; };
		09E5E00BB981688C1D16B49D /* Info.plist */ = {isa = PBXFileReference; lastKnownFileType = text.plist; path = Info.plist; sourceTree = "<group>"; };
		101E40BD85EAF00A9CC26DF7 /* michelin_history.csv */ = {isa = PBXFileReference; path = michelin_history.csv; sourceTree = "<group>"; };
		118123AC498786638CBF6375 /* MichelinView.swift */ = {isa = PBXFileReference; lastKnownFileType = sourcecode.swift; path = MichelinView.swift; sourceTree = "<group>"; };
		141FD0B96D0CA3C3889CBA08 /* RestaurantCard.swift */ = {isa = PBXFileReference; lastKnownFileType = sourcecode.swift; path = RestaurantCard.swift; sourceTree = "<group>"; };
		1941202D96F211C909A0B5C4 /* SuggestionEngine.swift */ = {isa = PBXFileReference; lastKnownFileType = sourcecode.swift; path = SuggestionEngine.swift; sourceTree = "<group>"; };
		1D4EE16631C25AC07F66A097 /* StoreMergeTests.swift */ = {isa = PBXFileReference; lastKnownFileType = sourcecode.swift; path = StoreMergeTests.swift; sourceTree = "<group>"; };
		2095E1579BB56368AB553A75 /* GoogleSharedListParserTests.swift */ = {isa = PBXFileReference; lastKnownFileType = sourcecode.swift; path = GoogleSharedListParserTests.swift; sourceTree = "<group>"; };
		2BB362D4F121BFB1EE27F21E /* MichelinDataSource.swift */ = {isa = PBXFileReference; lastKnownFileType = sourcecode.swift; path = MichelinDataSource.swift; sourceTree = "<group>"; };
		37DD6CFD2FB7C434830A3DA2 /* LocationProvider.swift */ = {isa = PBXFileReference; lastKnownFileType = sourcecode.swift; path = LocationProvider.swift; sourceTree = "<group>"; };
		3B26088C74AA335ECCEAB508 /* SettingsView.swift */ = {isa = PBXFileReference; lastKnownFileType = sourcecode.swift; path = SettingsView.swift; sourceTree = "<group>"; };
		4AA5217E383BA60851E02F19 /* AppSettings.swift */ = {isa = PBXFileReference; lastKnownFileType = sourcecode.swift; path = AppSettings.swift; sourceTree = "<group>"; };
		4AE88B6931576521C2729AAC /* RestaurantDataSource.swift */ = {isa = PBXFileReference; lastKnownFileType = sourcecode.swift; path = RestaurantDataSource.swift; sourceTree = "<group>"; };
		4D54A49C56E97DBC9324F15F /* ManageRestaurantsView.swift */ = {isa = PBXFileReference; lastKnownFileType = sourcecode.swift; path = ManageRestaurantsView.swift; sourceTree = "<group>"; };
		57F1D8F65DE02BAEF58D68A0 /* TakeoutImportTests.swift */ = {isa = PBXFileReference; lastKnownFileType = sourcecode.swift; path = TakeoutImportTests.swift; sourceTree = "<group>"; };
		5D02036186213B9B1058F155 /* listpage-snippet.html */ = {isa = PBXFileReference; lastKnownFileType = text.html; path = "listpage-snippet.html"; sourceTree = "<group>"; };
		5E70427AEC6E87119B2D1167 /* CSVParserTests.swift */ = {isa = PBXFileReference; lastKnownFileType = sourcecode.swift; path = CSVParserTests.swift; sourceTree = "<group>"; };
		60003B568FE1A99E12EBFE49 /* Localizable.xcstrings */ = {isa = PBXFileReference; lastKnownFileType = text.json.xcstrings; path = Localizable.xcstrings; sourceTree = "<group>"; };
		6EFC0547606F967B79A8B970 /* sharedlist.html */ = {isa = PBXFileReference; lastKnownFileType = text.html; path = sharedlist.html; sourceTree = "<group>"; };
		76E22F89DB355DBA978A15B6 /* InfoPlist.xcstrings */ = {isa = PBXFileReference; lastKnownFileType = text.json.xcstrings; path = InfoPlist.xcstrings; sourceTree = "<group>"; };
		7B0B6115B8BFFE984ADD6D4F /* GetlistParserTests.swift */ = {isa = PBXFileReference; lastKnownFileType = sourcecode.swift; path = GetlistParserTests.swift; sourceTree = "<group>"; };
		7F3B2875E162F030AFD06293 /* DinePickTests.xctest */ = {isa = PBXFileReference; includeInIndex = 0; lastKnownFileType = wrapper.cfbundle; path = DinePickTests.xctest; sourceTree = BUILT_PRODUCTS_DIR; };
		97585C3E13BE96745AFC1DE6 /* getlist-response.txt */ = {isa = PBXFileReference; lastKnownFileType = text; path = "getlist-response.txt"; sourceTree = "<group>"; };
		AAD1334F805D5A0C1FCCE547 /* DinePickApp.swift */ = {isa = PBXFileReference; lastKnownFileType = sourcecode.swift; path = DinePickApp.swift; sourceTree = "<group>"; };
		AE9B6298D940160DA4E584BB /* GoogleSharedListSource.swift */ = {isa = PBXFileReference; lastKnownFileType = sourcecode.swift; path = GoogleSharedListSource.swift; sourceTree = "<group>"; };
		C659CE5EF8C29B0D61FD074F /* RestaurantStore.swift */ = {isa = PBXFileReference; lastKnownFileType = sourcecode.swift; path = RestaurantStore.swift; sourceTree = "<group>"; };
		CE2D8B604E9646D4407A3B89 /* michelin.csv */ = {isa = PBXFileReference; path = michelin.csv; sourceTree = "<group>"; };
		D290FBDAE0FA03B157A17D0A /* TakeoutImportSource.swift */ = {isa = PBXFileReference; lastKnownFileType = sourcecode.swift; path = TakeoutImportSource.swift; sourceTree = "<group>"; };
		D4EFCC38735D607BC6F3BADE /* Restaurant.swift */ = {isa = PBXFileReference; lastKnownFileType = sourcecode.swift; path = Restaurant.swift; sourceTree = "<group>"; };
		D92FF7854D3E0879F6AA43F7 /* MichelinDataSourceTests.swift */ = {isa = PBXFileReference; lastKnownFileType = sourcecode.swift; path = MichelinDataSourceTests.swift; sourceTree = "<group>"; };
		DD20CE1B041ABC52DA546A11 /* CSVParser.swift */ = {isa = PBXFileReference; lastKnownFileType = sourcecode.swift; path = CSVParser.swift; sourceTree = "<group>"; };
		DEB6994F04F34BAAF34E8890 /* SuggestionEngineTests.swift */ = {isa = PBXFileReference; lastKnownFileType = sourcecode.swift; path = SuggestionEngineTests.swift; sourceTree = "<group>"; };
		EA9AFBCF81F3C526BDFC3364 /* MichelinNameLocalizer.swift */ = {isa = PBXFileReference; lastKnownFileType = sourcecode.swift; path = MichelinNameLocalizer.swift; sourceTree = "<group>"; };
		ED5DC0535004554EC046E812 /* GoogleMapsOpener.swift */ = {isa = PBXFileReference; lastKnownFileType = sourcecode.swift; path = GoogleMapsOpener.swift; sourceTree = "<group>"; };
		F3CC459C9B8685BF2A6457A5 /* TonightView.swift */ = {isa = PBXFileReference; lastKnownFileType = sourcecode.swift; path = TonightView.swift; sourceTree = "<group>"; };
		FB62EDB6F05C9729C9DDF613 /* MichelinNameLocalizerTests.swift */ = {isa = PBXFileReference; lastKnownFileType = sourcecode.swift; path = MichelinNameLocalizerTests.swift; sourceTree = "<group>"; };
/* End PBXFileReference section */

/* Begin PBXGroup section */
		0A647B12007FC425842C963D /* Products */ = {
			isa = PBXGroup;
			children = (
				017903D62A6610F24240E3DE /* DinePick.app */,
				7F3B2875E162F030AFD06293 /* DinePickTests.xctest */,
			);
			name = Products;
			sourceTree = "<group>";
		};
		304C204153976CF991D48F07 /* Fixtures */ = {
			isa = PBXGroup;
			children = (
				97585C3E13BE96745AFC1DE6 /* getlist-response.txt */,
				5D02036186213B9B1058F155 /* listpage-snippet.html */,
				6EFC0547606F967B79A8B970 /* sharedlist.html */,
			);
			path = Fixtures;
			sourceTree = "<group>";
		};
		4A308302A626874B7081542E /* Engine */ = {
			isa = PBXGroup;
			children = (
				1941202D96F211C909A0B5C4 /* SuggestionEngine.swift */,
			);
			path = Engine;
			sourceTree = "<group>";
		};
		55947FBDAD33ED67B0A4F948 /* DinePick */ = {
			isa = PBXGroup;
			children = (
				AAD1334F805D5A0C1FCCE547 /* DinePickApp.swift */,
				09E5E00BB981688C1D16B49D /* Info.plist */,
				A5E90A8C013656E11204A562 /* DataSources */,
				4A308302A626874B7081542E /* Engine */,
				FC761152D7000E3CC23939F0 /* Models */,
				F61E6433D0327135B74FD8B2 /* Resources */,
				5926DAD257C274334457C59A /* Store */,
				C80699F69B08CA9157AEC912 /* Support */,
				F1CFEFF2E9C7B96F53957839 /* Views */,
			);
			path = DinePick;
			sourceTree = "<group>";
		};
		5926DAD257C274334457C59A /* Store */ = {
			isa = PBXGroup;
			children = (
				C659CE5EF8C29B0D61FD074F /* RestaurantStore.swift */,
			);
			path = Store;
			sourceTree = "<group>";
		};
		A5E90A8C013656E11204A562 /* DataSources */ = {
			isa = PBXGroup;
			children = (
				AE9B6298D940160DA4E584BB /* GoogleSharedListSource.swift */,
				2BB362D4F121BFB1EE27F21E /* MichelinDataSource.swift */,
				4AE88B6931576521C2729AAC /* RestaurantDataSource.swift */,
				D290FBDAE0FA03B157A17D0A /* TakeoutImportSource.swift */,
			);
			path = DataSources;
			sourceTree = "<group>";
		};
		A97500E133407A6023D6196B = {
			isa = PBXGroup;
			children = (
				55947FBDAD33ED67B0A4F948 /* DinePick */,
				F196219DDDB15DEECF3FB4F1 /* DinePickTests */,
				0A647B12007FC425842C963D /* Products */,
			);
			sourceTree = "<group>";
		};
		C80699F69B08CA9157AEC912 /* Support */ = {
			isa = PBXGroup;
			children = (
				4AA5217E383BA60851E02F19 /* AppSettings.swift */,
				DD20CE1B041ABC52DA546A11 /* CSVParser.swift */,
				ED5DC0535004554EC046E812 /* GoogleMapsOpener.swift */,
				37DD6CFD2FB7C434830A3DA2 /* LocationProvider.swift */,
				EA9AFBCF81F3C526BDFC3364 /* MichelinNameLocalizer.swift */,
			);
			path = Support;
			sourceTree = "<group>";
		};
		F196219DDDB15DEECF3FB4F1 /* DinePickTests */ = {
			isa = PBXGroup;
			children = (
				5E70427AEC6E87119B2D1167 /* CSVParserTests.swift */,
				7B0B6115B8BFFE984ADD6D4F /* GetlistParserTests.swift */,
				2095E1579BB56368AB553A75 /* GoogleSharedListParserTests.swift */,
				D92FF7854D3E0879F6AA43F7 /* MichelinDataSourceTests.swift */,
				FB62EDB6F05C9729C9DDF613 /* MichelinNameLocalizerTests.swift */,
				1D4EE16631C25AC07F66A097 /* StoreMergeTests.swift */,
				DEB6994F04F34BAAF34E8890 /* SuggestionEngineTests.swift */,
				57F1D8F65DE02BAEF58D68A0 /* TakeoutImportTests.swift */,
				304C204153976CF991D48F07 /* Fixtures */,
			);
			path = DinePickTests;
			sourceTree = "<group>";
		};
		F1CFEFF2E9C7B96F53957839 /* Views */ = {
			isa = PBXGroup;
			children = (
				4D54A49C56E97DBC9324F15F /* ManageRestaurantsView.swift */,
				118123AC498786638CBF6375 /* MichelinView.swift */,
				141FD0B96D0CA3C3889CBA08 /* RestaurantCard.swift */,
				3B26088C74AA335ECCEAB508 /* SettingsView.swift */,
				F3CC459C9B8685BF2A6457A5 /* TonightView.swift */,
			);
			path = Views;
			sourceTree = "<group>";
		};
		F61E6433D0327135B74FD8B2 /* Resources */ = {
			isa = PBXGroup;
			children = (
				76E22F89DB355DBA978A15B6 /* InfoPlist.xcstrings */,
				60003B568FE1A99E12EBFE49 /* Localizable.xcstrings */,
				101E40BD85EAF00A9CC26DF7 /* michelin_history.csv */,
				CE2D8B604E9646D4407A3B89 /* michelin.csv */,
			);
			path = Resources;
			sourceTree = "<group>";
		};
		FC761152D7000E3CC23939F0 /* Models */ = {
			isa = PBXGroup;
			children = (
				D4EFCC38735D607BC6F3BADE /* Restaurant.swift */,
			);
			path = Models;
			sourceTree = "<group>";
		};
/* End PBXGroup section */

/* Begin PBXNativeTarget section */
		7049918F46FF2A03EFC418BF /* DinePick */ = {
			isa = PBXNativeTarget;
			buildConfigurationList = 731D13E62E1858059B04ECA1 /* Build configuration list for PBXNativeTarget "DinePick" */;
			buildPhases = (
				32E6584D0A8C1809F0260858 /* Sources */,
				2F548EB6AAC7E55213AA9F29 /* Resources */,
			);
			buildRules = (
			);
			dependencies = (
			);
			name = DinePick;
			packageProductDependencies = (
			);
			productName = DinePick;
			productReference = 017903D62A6610F24240E3DE /* DinePick.app */;
			productType = "com.apple.product-type.application";
		};
		C07ED3D5CCDD02D684972A86 /* DinePickTests */ = {
			isa = PBXNativeTarget;
			buildConfigurationList = D6A6B77591518907F9D22C70 /* Build configuration list for PBXNativeTarget "DinePickTests" */;
			buildPhases = (
				6041AD562CF8F70C2C5A1961 /* Sources */,
				0C02F43C91BF17BFBB079DFF /* Resources */,
			);
			buildRules = (
			);
			dependencies = (
				00C39C5F7770F1CC9F599BEE /* PBXTargetDependency */,
			);
			name = DinePickTests;
			packageProductDependencies = (
			);
			productName = DinePickTests;
			productReference = 7F3B2875E162F030AFD06293 /* DinePickTests.xctest */;
			productType = "com.apple.product-type.bundle.unit-test";
		};
/* End PBXNativeTarget section */

/* Begin PBXProject section */
		CEA2E126DAB37055CC27513F /* Project object */ = {
			isa = PBXProject;
			attributes = {
				BuildIndependentTargetsInParallel = YES;
				LastUpgradeCheck = 1430;
				TargetAttributes = {
					7049918F46FF2A03EFC418BF = {
						DevelopmentTeam = 84336L2H62;
						ProvisioningStyle = Automatic;
					};
				};
			};
			buildConfigurationList = 4F9E24570EE399017292CE4E /* Build configuration list for PBXProject "DinePick" */;
			developmentRegion = en;
			hasScannedForEncodings = 0;
			knownRegions = (
				Base,
				en,
				ja,
				"zh-Hant",
			);
			mainGroup = A97500E133407A6023D6196B;
			minimizedProjectReferenceProxies = 1;
			preferredProjectObjectVersion = 77;
			productRefGroup = 0A647B12007FC425842C963D /* Products */;
			projectDirPath = "";
			projectRoot = "";
			targets = (
				7049918F46FF2A03EFC418BF /* DinePick */,
				C07ED3D5CCDD02D684972A86 /* DinePickTests */,
			);
		};
/* End PBXProject section */

/* Begin PBXResourcesBuildPhase section */
		0C02F43C91BF17BFBB079DFF /* Resources */ = {
			isa = PBXResourcesBuildPhase;
			buildActionMask = 2147483647;
			files = (
				1ED08D26970A1E6D739F01DF /* getlist-response.txt in Resources */,
				EACF87378F56C78C44C38300 /* listpage-snippet.html in Resources */,
				E4D79A2041FD4B38FB35DCB2 /* sharedlist.html in Resources */,
			);
			runOnlyForDeploymentPostprocessing = 0;
		};
		2F548EB6AAC7E55213AA9F29 /* Resources */ = {
			isa = PBXResourcesBuildPhase;
			buildActionMask = 2147483647;
			files = (
				B9DE7318068429F2DAA70210 /* InfoPlist.xcstrings in Resources */,
				0AB06F00C45878F88180B474 /* Localizable.xcstrings in Resources */,
				152697B7A7A34DEE2286ECBD /* michelin.csv in Resources */,
				4391217F0D20D0EAB834CA8C /* michelin_history.csv in Resources */,
			);
			runOnlyForDeploymentPostprocessing = 0;
		};
/* End PBXResourcesBuildPhase section */

/* Begin PBXSourcesBuildPhase section */
		32E6584D0A8C1809F0260858 /* Sources */ = {
			isa = PBXSourcesBuildPhase;
			buildActionMask = 2147483647;
			files = (
				44F61BBF3FDD13B3420B8918 /* AppSettings.swift in Sources */,
				2A2D3BCD7C6AD03AF179C327 /* CSVParser.swift in Sources */,
				E8ED9F6521EC4C278B5D28FA /* DinePickApp.swift in Sources */,
				E50D23430BCCB2F5076ECAB7 /* GoogleMapsOpener.swift in Sources */,
				3EAE1EA8183FA0CB068F34C4 /* GoogleSharedListSource.swift in Sources */,
				D4640F54E451420F24CC3892 /* LocationProvider.swift in Sources */,
				EDEE66A92761E5706B97ABE4 /* ManageRestaurantsView.swift in Sources */,
				1AE79AD61ADC0D0BBA14ED5C /* MichelinDataSource.swift in Sources */,
				AEFAAF936123887A97169057 /* MichelinNameLocalizer.swift in Sources */,
				B4D2F9964B207688EA7E44FB /* MichelinView.swift in Sources */,
				F9B4BCA6AC44BBE25FC3BC46 /* Restaurant.swift in Sources */,
				63C24FC17F3DB795FDF76307 /* RestaurantCard.swift in Sources */,
				6A2533EB250C84501366625F /* RestaurantDataSource.swift in Sources */,
				14B7EED89BC304E4EEB5E463 /* RestaurantStore.swift in Sources */,
				C52AD8D870081BD829FE1682 /* SettingsView.swift in Sources */,
				0F7C82034985854F14904BAC /* SuggestionEngine.swift in Sources */,
				B424AFD74A4DF3349D64CA43 /* TakeoutImportSource.swift in Sources */,
				5DF98C151B0895C8FC609C9E /* TonightView.swift in Sources */,
			);
			runOnlyForDeploymentPostprocessing = 0;
		};
		6041AD562CF8F70C2C5A1961 /* Sources */ = {
			isa = PBXSourcesBuildPhase;
			buildActionMask = 2147483647;
			files = (
				D1000CA12492DD03C605B565 /* CSVParserTests.swift in Sources */,
				9E443FF56BD4EA8FA93459F6 /* GetlistParserTests.swift in Sources */,
				D3CEDC76C32DE9C9179A5F07 /* GoogleSharedListParserTests.swift in Sources */,
				7524A4DF4C6BB4B86FD8C336 /* MichelinDataSourceTests.swift in Sources */,
				19D5B30FD140AFD41787E395 /* MichelinNameLocalizerTests.swift in Sources */,
				D53F0969AF8E9828D2136D1B /* StoreMergeTests.swift in Sources */,
				0AF61255D0F0595A5D3ED53F /* SuggestionEngineTests.swift in Sources */,
				26D41EB8B36562299CF1D15A /* TakeoutImportTests.swift in Sources */,
			);
			runOnlyForDeploymentPostprocessing = 0;
		};
/* End PBXSourcesBuildPhase section */

/* Begin PBXTargetDependency section */
		00C39C5F7770F1CC9F599BEE /* PBXTargetDependency */ = {
			isa = PBXTargetDependency;
			target = 7049918F46FF2A03EFC418BF /* DinePick */;
			targetProxy = 4BC9F6BEBEB8916ADC5B2686 /* PBXContainerItemProxy */;
		};
/* End PBXTargetDependency section */

/* Begin XCBuildConfiguration section */
		30FE84E4A24AF99FD4FE85D2 /* Release */ = {
			isa = XCBuildConfiguration;
			buildSettings = {
				ASSETCATALOG_COMPILER_APPICON_NAME = AppIcon;
				CODE_SIGN_IDENTITY = "iPhone Developer";
				CODE_SIGN_STYLE = Automatic;
				DEVELOPMENT_TEAM = 84336L2H62;
				INFOPLIST_FILE = DinePick/Info.plist;
				INFOPLIST_KEY_UILaunchScreen_Generation = YES;
				LD_RUNPATH_SEARCH_PATHS = (
					"$(inherited)",
					"@executable_path/Frameworks",
				);
				PRODUCT_BUNDLE_IDENTIFIER = com.yuyu.DinePick;
				SDKROOT = iphoneos;
				SUPPORTS_MACCATALYST = NO;
				TARGETED_DEVICE_FAMILY = 1;
			};
			name = Release;
		};
		7FEB71D95486C1D1890C7E1B /* Debug */ = {
			isa = XCBuildConfiguration;
			buildSettings = {
				BUNDLE_LOADER = "$(TEST_HOST)";
				GENERATE_INFOPLIST_FILE = YES;
				LD_RUNPATH_SEARCH_PATHS = (
					"$(inherited)",
					"@executable_path/Frameworks",
					"@loader_path/Frameworks",
				);
				PRODUCT_BUNDLE_IDENTIFIER = com.yuyu.DinePickTests;
				SDKROOT = iphoneos;
				TARGETED_DEVICE_FAMILY = "1,2";
				TEST_HOST = "$(BUILT_PRODUCTS_DIR)/DinePick.app/DinePick";
			};
			name = Debug;
		};
		9183AFB5D6D2C11B4CEA8E90 /* Debug */ = {
			isa = XCBuildConfiguration;
			buildSettings = {
				ASSETCATALOG_COMPILER_APPICON_NAME = AppIcon;
				CODE_SIGN_IDENTITY = "iPhone Developer";
				CODE_SIGN_STYLE = Automatic;
				DEVELOPMENT_TEAM = 84336L2H62;
				INFOPLIST_FILE = DinePick/Info.plist;
				INFOPLIST_KEY_UILaunchScreen_Generation = YES;
				LD_RUNPATH_SEARCH_PATHS = (
					"$(inherited)",
					"@executable_path/Frameworks",
				);
				PRODUCT_BUNDLE_IDENTIFIER = com.yuyu.DinePick;
				SDKROOT = iphoneos;
				SUPPORTS_MACCATALYST = NO;
				TARGETED_DEVICE_FAMILY = 1;
			};
			name = Debug;
		};
		A14504A1AFE1C8FC09339EF2 /* Release */ = {
			isa = XCBuildConfiguration;
			buildSettings = {
				ALWAYS_SEARCH_USER_PATHS = NO;
				CLANG_ANALYZER_NONNULL = YES;
				CLANG_ANALYZER_NUMBER_OBJECT_CONVERSION = YES_AGGRESSIVE;
				CLANG_CXX_LANGUAGE_STANDARD = "gnu++14";
				CLANG_CXX_LIBRARY = "libc++";
				CLANG_ENABLE_MODULES = YES;
				CLANG_ENABLE_OBJC_ARC = YES;
				CLANG_ENABLE_OBJC_WEAK = YES;
				CLANG_WARN_BLOCK_CAPTURE_AUTORELEASING = YES;
				CLANG_WARN_BOOL_CONVERSION = YES;
				CLANG_WARN_COMMA = YES;
				CLANG_WARN_CONSTANT_CONVERSION = YES;
				CLANG_WARN_DEPRECATED_OBJC_IMPLEMENTATIONS = YES;
				CLANG_WARN_DIRECT_OBJC_ISA_USAGE = YES_ERROR;
				CLANG_WARN_DOCUMENTATION_COMMENTS = YES;
				CLANG_WARN_EMPTY_BODY = YES;
				CLANG_WARN_ENUM_CONVERSION = YES;
				CLANG_WARN_INFINITE_RECURSION = YES;
				CLANG_WARN_INT_CONVERSION = YES;
				CLANG_WARN_NON_LITERAL_NULL_CONVERSION = YES;
				CLANG_WARN_OBJC_IMPLICIT_RETAIN_SELF = YES;
				CLANG_WARN_OBJC_LITERAL_CONVERSION = YES;
				CLANG_WARN_OBJC_ROOT_CLASS = YES_ERROR;
				CLANG_WARN_QUOTED_INCLUDE_IN_FRAMEWORK_HEADER = YES;
				CLANG_WARN_RANGE_LOOP_ANALYSIS = YES;
				CLANG_WARN_STRICT_PROTOTYPES = YES;
				CLANG_WARN_SUSPICIOUS_MOVE = YES;
				CLANG_WARN_UNGUARDED_AVAILABILITY = YES_AGGRESSIVE;
				CLANG_WARN_UNREACHABLE_CODE = YES;
				CLANG_WARN__DUPLICATE_METHOD_MATCH = YES;
				COPY_PHASE_STRIP = NO;
				CURRENT_PROJECT_VERSION = 1;
				DEBUG_INFORMATION_FORMAT = "dwarf-with-dsym";
				ENABLE_NS_ASSERTIONS = NO;
				ENABLE_STRICT_OBJC_MSGSEND = YES;
				GCC_C_LANGUAGE_STANDARD = gnu11;
				GCC_NO_COMMON_BLOCKS = YES;
				GCC_WARN_64_TO_32_BIT_CONVERSION = YES;
				GCC_WARN_ABOUT_RETURN_TYPE = YES_ERROR;
				GCC_WARN_UNDECLARED_SELECTOR = YES;
				GCC_WARN_UNINITIALIZED_AUTOS = YES_AGGRESSIVE;
				GCC_WARN_UNUSED_FUNCTION = YES;
				GCC_WARN_UNUSED_VARIABLE = YES;
				IPHONEOS_DEPLOYMENT_TARGET = 17.0;
				MARKETING_VERSION = 1.0;
				MTL_ENABLE_DEBUG_INFO = NO;
				MTL_FAST_MATH = YES;
				PRODUCT_NAME = "$(TARGET_NAME)";
				SDKROOT = iphoneos;
				SWIFT_COMPILATION_MODE = wholemodule;
				SWIFT_OPTIMIZATION_LEVEL = "-O";
				SWIFT_VERSION = 5.0;
			};
			name = Release;
		};
		A234B7C5A0ECBA0202522774 /* Release */ = {
			isa = XCBuildConfiguration;
			buildSettings = {
				BUNDLE_LOADER = "$(TEST_HOST)";
				GENERATE_INFOPLIST_FILE = YES;
				LD_RUNPATH_SEARCH_PATHS = (
					"$(inherited)",
					"@executable_path/Frameworks",
					"@loader_path/Frameworks",
				);
				PRODUCT_BUNDLE_IDENTIFIER = com.yuyu.DinePickTests;
				SDKROOT = iphoneos;
				TARGETED_DEVICE_FAMILY = "1,2";
				TEST_HOST = "$(BUILT_PRODUCTS_DIR)/DinePick.app/DinePick";
			};
			name = Release;
		};
		BE45EE550E26602A5E3EFA79 /* Debug */ = {
			isa = XCBuildConfiguration;
			buildSettings = {
				ALWAYS_SEARCH_USER_PATHS = NO;
				CLANG_ANALYZER_NONNULL = YES;
				CLANG_ANALYZER_NUMBER_OBJECT_CONVERSION = YES_AGGRESSIVE;
				CLANG_CXX_LANGUAGE_STANDARD = "gnu++14";
				CLANG_CXX_LIBRARY = "libc++";
				CLANG_ENABLE_MODULES = YES;
				CLANG_ENABLE_OBJC_ARC = YES;
				CLANG_ENABLE_OBJC_WEAK = YES;
				CLANG_WARN_BLOCK_CAPTURE_AUTORELEASING = YES;
				CLANG_WARN_BOOL_CONVERSION = YES;
				CLANG_WARN_COMMA = YES;
				CLANG_WARN_CONSTANT_CONVERSION = YES;
				CLANG_WARN_DEPRECATED_OBJC_IMPLEMENTATIONS = YES;
				CLANG_WARN_DIRECT_OBJC_ISA_USAGE = YES_ERROR;
				CLANG_WARN_DOCUMENTATION_COMMENTS = YES;
				CLANG_WARN_EMPTY_BODY = YES;
				CLANG_WARN_ENUM_CONVERSION = YES;
				CLANG_WARN_INFINITE_RECURSION = YES;
				CLANG_WARN_INT_CONVERSION = YES;
				CLANG_WARN_NON_LITERAL_NULL_CONVERSION = YES;
				CLANG_WARN_OBJC_IMPLICIT_RETAIN_SELF = YES;
				CLANG_WARN_OBJC_LITERAL_CONVERSION = YES;
				CLANG_WARN_OBJC_ROOT_CLASS = YES_ERROR;
				CLANG_WARN_QUOTED_INCLUDE_IN_FRAMEWORK_HEADER = YES;
				CLANG_WARN_RANGE_LOOP_ANALYSIS = YES;
				CLANG_WARN_STRICT_PROTOTYPES = YES;
				CLANG_WARN_SUSPICIOUS_MOVE = YES;
				CLANG_WARN_UNGUARDED_AVAILABILITY = YES_AGGRESSIVE;
				CLANG_WARN_UNREACHABLE_CODE = YES;
				CLANG_WARN__DUPLICATE_METHOD_MATCH = YES;
				COPY_PHASE_STRIP = NO;
				CURRENT_PROJECT_VERSION = 1;
				DEBUG_INFORMATION_FORMAT = dwarf;
				ENABLE_STRICT_OBJC_MSGSEND = YES;
				ENABLE_TESTABILITY = YES;
				GCC_C_LANGUAGE_STANDARD = gnu11;
				GCC_DYNAMIC_NO_PIC = NO;
				GCC_NO_COMMON_BLOCKS = YES;
				GCC_OPTIMIZATION_LEVEL = 0;
				GCC_PREPROCESSOR_DEFINITIONS = (
					"$(inherited)",
					"DEBUG=1",
				);
				GCC_WARN_64_TO_32_BIT_CONVERSION = YES;
				GCC_WARN_ABOUT_RETURN_TYPE = YES_ERROR;
				GCC_WARN_UNDECLARED_SELECTOR = YES;
				GCC_WARN_UNINITIALIZED_AUTOS = YES_AGGRESSIVE;
				GCC_WARN_UNUSED_FUNCTION = YES;
				GCC_WARN_UNUSED_VARIABLE = YES;
				IPHONEOS_DEPLOYMENT_TARGET = 17.0;
				MARKETING_VERSION = 1.0;
				MTL_ENABLE_DEBUG_INFO = INCLUDE_SOURCE;
				MTL_FAST_MATH = YES;
				ONLY_ACTIVE_ARCH = YES;
				PRODUCT_NAME = "$(TARGET_NAME)";
				SDKROOT = iphoneos;
				SWIFT_ACTIVE_COMPILATION_CONDITIONS = DEBUG;
				SWIFT_OPTIMIZATION_LEVEL = "-Onone";
				SWIFT_VERSION = 5.0;
			};
			name = Debug;
		};
/* End XCBuildConfiguration section */

/* Begin XCConfigurationList section */
		4F9E24570EE399017292CE4E /* Build configuration list for PBXProject "DinePick" */ = {
			isa = XCConfigurationList;
			buildConfigurations = (
				BE45EE550E26602A5E3EFA79 /* Debug */,
				A14504A1AFE1C8FC09339EF2 /* Release */,
			);
			defaultConfigurationIsVisible = 0;
			defaultConfigurationName = Debug;
		};
		731D13E62E1858059B04ECA1 /* Build configuration list for PBXNativeTarget "DinePick" */ = {
			isa = XCConfigurationList;
			buildConfigurations = (
				9183AFB5D6D2C11B4CEA8E90 /* Debug */,
				30FE84E4A24AF99FD4FE85D2 /* Release */,
			);
			defaultConfigurationIsVisible = 0;
			defaultConfigurationName = Debug;
		};
		D6A6B77591518907F9D22C70 /* Build configuration list for PBXNativeTarget "DinePickTests" */ = {
			isa = XCConfigurationList;
			buildConfigurations = (
				7FEB71D95486C1D1890C7E1B /* Debug */,
				A234B7C5A0ECBA0202522774 /* Release */,
			);
			defaultConfigurationIsVisible = 0;
			defaultConfigurationName = Debug;
		};
/* End XCConfigurationList section */
	};
	rootObject = CEA2E126DAB37055CC27513F /* Project object */;
}
